<?xml version="1.0" encoding="utf-8"?>
<Project ToolsVersion="4.0" xmlns="http://schemas.microsoft.com/developer/msbuild/2003">
  <ItemGroup>
    <Filter Include="Source Files">
      <UniqueIdentifier>{4FC737F1-C7A5-4376-A066-2A32D752A2FF}</UniqueIdentifier>
      <Extensions>cpp;c;cc;cxx;def;odl;idl;hpj;bat;asm;asmx</Extensions>
    </Filter>
    <Filter Include="Header Files">
      <UniqueIdentifier>{93995380-89BD-4b04-88EB-625FBE52EBFB}</UniqueIdentifier>
      <Extensions>h;hh;hpp;hxx;hm;inl;inc;xsd</Extensions>
    </Filter>
    <Filter Include="Resource Files">
      <UniqueIdentifier>{67DA6AB6-F800-4c08-8B7A-83BB121AAD01}</UniqueIdentifier>
      <Extensions>rc;ico;cur;bmp;dlg;rc2;rct;bin;rgs;gif;jpg;jpeg;jpe;resx;tiff;tif;png;wav;mfcribbon-ms</Extensions>
    </Filter>
  </ItemGroup>
  <ItemGroup>
    <ClInclude Include="KalmanFilter.h">
      <Filter>Header Files</Filter>
    </ClInclude>
    <ClInclude Include="Sensor.h">
      <Filter>Header Files</Filter>
    </ClInclude>
    <ClInclude Include="GMJoTTFilter.hpp">
      <Filter>Header Files</Filter>
    </ClInclude>
    <ClInclude Include="ExtendedKalmanFilter.h">
      <Filter>Header Files</Filter>
    </ClInclude>
    <ClInclude Include="Astro.h">
      <Filter>Header Files</Filter>
    </ClInclude>
    <ClInclude Include="unscented_sampler.hpp">
      <Filter>Header Files</Filter>
    </ClInclude>
    <ClInclude Include="UnscentedKalmanFilter.h">
      <Filter>Header Files</Filter>
    </ClInclude>
    <ClInclude Include="CFARProcessor.h">
      <Filter>Header Files</Filter>
    </ClInclude>
    <ClInclude Include="SingleTargetFilter.h">
      <Filter>Header Files</Filter>
    </ClInclude>
    <ClInclude Include="BGMJoTTFilter.hpp">
      <Filter>Header Files</Filter>
    </ClInclude>
    <ClInclude Include="Debug.h">
      <Filter>Header Files</Filter>
    </ClInclude>
    <ClInclude Include="IOHelpers.h">
      <Filter>Header Files</Filter>
    </ClInclude>
    <ClInclude Include="MathHelpers.h">
      <Filter>Header Files</Filter>
    </ClInclude>
    <ClInclude Include="GMPHDFilter.h">
      <Filter>Header Files</Filter>
    </ClInclude>
    <ClInclude Include="GMCPHDFilter.h">
      <Filter>Header Files</Filter>
    </ClInclude>
    <ClInclude Include="BernoulliSmoother.h">
      <Filter>Header Files</Filter>
    </ClInclude>
    <ClInclude Include="GMRFSFilter.h">
      <Filter>Header Files</Filter>
    </ClInclude>
    <ClInclude Include="MixtureModels.h">
      <Filter>Header Files</Filter>
    </ClInclude>
    <ClInclude Include="SMCJoTTFilter.hpp">
      <Filter>Header Files</Filter>
    </ClInclude>
  </ItemGroup>
  <ItemGroup>
    <ClCompile Include="Source.cpp">
      <Filter>Source Files</Filter>
    </ClCompile>
    <ClCompile Include="KalmanFilter.cpp">
      <Filter>Source Files</Filter>
    </ClCompile>
    <ClCompile Include="Sensor.cpp">
      <Filter>Source Files</Filter>
    </ClCompile>
    <ClCompile Include="GMPHDFilter.cpp">
      <Filter>Source Files</Filter>
    </ClCompile>
    <ClCompile Include="ExtendedKalmanFilter.cpp">
      <Filter>Source Files</Filter>
    </ClCompile>
    <ClCompile Include="Astro.cpp">
      <Filter>Source Files</Filter>
    </ClCompile>
    <ClCompile Include="UnscentedKalmanFilter.cpp">
      <Filter>Source Files</Filter>
    </ClCompile>
    <ClCompile Include="CFARProcessor.cpp">
      <Filter>Source Files</Filter>
    </ClCompile>
    <ClCompile Include="IOHelpers.cpp">
      <Filter>Source Files</Filter>
    </ClCompile>
    <ClCompile Include="MathHelpers.cpp">
      <Filter>Source Files</Filter>
    </ClCompile>
    <ClCompile Include="GMCPHDFilter.cpp">
      <Filter>Source Files</Filter>
    </ClCompile>
    <ClCompile Include="BernoulliSmoother.cpp">
      <Filter>Source Files</Filter>
    </ClCompile>
    <ClCompile Include="MixtureModels.cpp">
      <Filter>Source Files</Filter>
    </ClCompile>
  </ItemGroup>
  <ItemGroup>
    <None Include="packages.config" />
    <None Include="config\config.yaml">
      <Filter>Resource Files</Filter>
    </None>
    <None Include="config\config-bgmjott-ukf-tdm.yaml">
      <Filter>Resource Files</Filter>
    </None>
    <None Include="config\config-gmphd-tdm.yaml">
      <Filter>Resource Files</Filter>
    </None>
    <None Include="config\config-ukf-netcdf.yaml">
      <Filter>Resource Files</Filter>
    </None>
    <None Include="config\config-ukf-sim.yaml">
      <Filter>Resource Files</Filter>
    </None>
    <None Include="config\config-ukf-tdm.yaml">
      <Filter>Resource Files</Filter>
    </None>
    <None Include="config\config-smcjott.yaml">
      <Filter>Resource Files</Filter>
    </None>
    <None Include="MixturesClassDiagram.cd" />
  </ItemGroup>
</Project>